
Microsoft Visual Studio Solution File, Format Version 12.00
# Visual Studio Version 16
VisualStudioVersion = 16.0.32228.343
MinimumVisualStudioVersion = 10.0.40219.1
Project("{FAE04EC0-301F-11D3-BF4B-00C04F79EFBC}") = "LabFinalProblemPractice", "LabFinalProblemPractice.csproj", "{D6C69C70-D7A7-469E-A334-6734AB9D525A}"
EndProject
Global
	GlobalSection(SolutionConfigurationPlatforms) = preSolution
		Debug|Any CPU = Debug|Any CPU
		Release|Any CPU = Release|Any CPU
	EndGlobalSection
	GlobalSection(ProjectConfigurationPlatforms) = postSolution
		{D6C69C70-D7A7-469E-A334-6734AB9D525A}.Debug|Any CPU.ActiveCfg = Debug|Any CPU
		{D6C69C70-D7A7-469E-A334-6734AB9D525A}.Debug|Any CPU.Build.0 = Debug|Any CPU
		{D6C69C70-D7A7-469E-A334-6734AB9D525A}.Release|Any CPU.ActiveCfg = Release|Any CPU
		{D6C69C70-D7A7-469E-A334-6734AB9D525A}.Release|Any CPU.Build.0 = Release|Any CPU
	EndGlobalSection
	GlobalSection(SolutionProperties) = preSolution
		HideSolutionNode = FALSE
	EndGlobalSection
	GlobalSection(ExtensibilityGlobals) = postSolution
		SolutionGuid = {1E05332C-132E-4EA6-8A8E-E561613697C2}
	EndGlobalSection
EndGlobal
